
Microsoft Visual Studio Solution File, Format Version 12.00
# Visual Studio Version 17
VisualStudioVersion = 17.1.32319.34
MinimumVisualStudioVersion = 10.0.40219.1
Project("{FAE04EC0-301F-11D3-BF4B-00C04F79EFBC}") = "TDC-2022-API", "TDC-2022-API\TDC-2022-API.csproj", "{B129E3C5-663F-451C-8121-BC86D20A1F7D}"
EndProject
Global
	GlobalSection(SolutionConfigurationPlatforms) = preSolution
		Debug|Any CPU = Debug|Any CPU
		Release|Any CPU = Release|Any CPU
	EndGlobalSection
	GlobalSection(ProjectConfigurationPlatforms) = postSolution
		{B129E3C5-663F-451C-8121-BC86D20A1F7D}.Debug|Any CPU.ActiveCfg = Debug|Any CPU
		{B129E3C5-663F-451C-8121-BC86D20A1F7D}.Debug|Any CPU.Build.0 = Debug|Any CPU
		{B129E3C5-663F-451C-8121-BC86D20A1F7D}.Release|Any CPU.ActiveCfg = Release|Any CPU
		{B129E3C5-663F-451C-8121-BC86D20A1F7D}.Release|Any CPU.Build.0 = Release|Any CPU
	EndGlobalSection
	GlobalSection(SolutionProperties) = preSolution
		HideSolutionNode = FALSE
	EndGlobalSection
	GlobalSection(ExtensibilityGlobals) = postSolution
		SolutionGuid = {0CD9D722-EFE3-47F5-BB62-87E547669F8D}
	EndGlobalSection
EndGlobal
